
Microsoft Visual Studio Solution File, Format Version 12.00
# Visual Studio 14
VisualStudioVersion = 14.0.24720.0
MinimumVisualStudioVersion = 10.0.40219.1
Project("{FAE04EC0-301F-11D3-BF4B-00C04F79EFBC}") = "Microsoft.Azure.Mobile.Server.Files", "src\Microsoft.Azure.Mobile.Server.Files\Microsoft.Azure.Mobile.Server.Files.csproj", "{956AB259-7ADF-4A27-B21F-87136F2BB7BA}"
EndProject
Project("{FAE04EC0-301F-11D3-BF4B-00C04F79EFBC}") = "Microsoft.Azure.Mobile.Server.Files.Test.EndToEnd", "test\Microsoft.Azure.Mobile.Server.Files.Test.EndToEnd\Microsoft.Azure.Mobile.Server.Files.Test.EndToEnd.csproj", "{722E17A7-C050-458C-B4A6-86987C30A413}"
EndProject
Project("{2150E333-8FDC-42A3-9474-1A3956D46DE8}") = "Solution Items", "Solution Items", "{1558A93C-BA6F-4649-8579-B1C8DDCB9E7C}"
	ProjectSection(SolutionItems) = preProject
		.gitignore = .gitignore
	EndProjectSection
EndProject
Global
	GlobalSection(SolutionConfigurationPlatforms) = preSolution
		Debug|Any CPU = Debug|Any CPU
		Release|Any CPU = Release|Any CPU
	EndGlobalSection
	GlobalSection(ProjectConfigurationPlatforms) = postSolution
		{956AB259-7ADF-4A27-B21F-87136F2BB7BA}.Debug|Any CPU.ActiveCfg = Debug|Any CPU
		{956AB259-7ADF-4A27-B21F-87136F2BB7BA}.Debug|Any CPU.Build.0 = Debug|Any CPU
		{956AB259-7ADF-4A27-B21F-87136F2BB7BA}.Release|Any CPU.ActiveCfg = Release|Any CPU
		{956AB259-7ADF-4A27-B21F-87136F2BB7BA}.Release|Any CPU.Build.0 = Release|Any CPU
		{722E17A7-C050-458C-B4A6-86987C30A413}.Debug|Any CPU.ActiveCfg = Debug|Any CPU
		{722E17A7-C050-458C-B4A6-86987C30A413}.Debug|Any CPU.Build.0 = Debug|Any CPU
		{722E17A7-C050-458C-B4A6-86987C30A413}.Release|Any CPU.ActiveCfg = Release|Any CPU
		{722E17A7-C050-458C-B4A6-86987C30A413}.Release|Any CPU.Build.0 = Release|Any CPU
	EndGlobalSection
	GlobalSection(SolutionProperties) = preSolution
		HideSolutionNode = FALSE
	EndGlobalSection
EndGlobal
